
Microsoft Visual Studio Solution File, Format Version 12.00
# Visual Studio 15
VisualStudioVersion = 15.0.28307.421
MinimumVisualStudioVersion = 10.0.40219.1
Project("{FAE04EC0-301F-11D3-BF4B-00C04F79EFBC}") = "SGA.ModuloGestaoAtivo", "SGA.ModuloGestaoAtivo\SGA.ModuloGestaoAtivo.csproj", "{C33E6CFA-E46C-428F-8AA9-76AADBE63A3A}"
EndProject
Project("{FAE04EC0-301F-11D3-BF4B-00C04F79EFBC}") = "SGA.ModuloGestaoMineracao", "SGA.ModuloGestaoMineracao\SGA.ModuloGestaoMineracao.csproj", "{D7FA565A-C033-4D4D-AEFA-32713C7CDDF8}"
EndProject
Project("{FAE04EC0-301F-11D3-BF4B-00C04F79EFBC}") = "SGA.ModuloGestaoNormas", "SGA.ModuloGestaoNormas\SGA.ModuloGestaoNormas.csproj", "{9940C6E5-09D9-4068-BDFD-6EB470BC23C4}"
EndProject
Project("{FAE04EC0-301F-11D3-BF4B-00C04F79EFBC}") = "SGA.ModuloGestaoBarragem", "SGA.ModuloGestaoBarragem\SGA.ModuloGestaoBarragem.csproj", "{90A78E9E-75B9-4E96-BA9C-3E7D1473D0CF}"
EndProject
Project("{FAE04EC0-301F-11D3-BF4B-00C04F79EFBC}") = "SGA.ModuloRelatorio", "SGA.ModuloRelatorio\SGA.ModuloRelatorio.csproj", "{8BC29490-D10D-4E6B-B0B2-AB22534D5A10}"
EndProject
Global
	GlobalSection(SolutionConfigurationPlatforms) = preSolution
		Debug|Any CPU = Debug|Any CPU
		Release|Any CPU = Release|Any CPU
	EndGlobalSection
	GlobalSection(ProjectConfigurationPlatforms) = postSolution
		{C33E6CFA-E46C-428F-8AA9-76AADBE63A3A}.Debug|Any CPU.ActiveCfg = Debug|Any CPU
		{C33E6CFA-E46C-428F-8AA9-76AADBE63A3A}.Debug|Any CPU.Build.0 = Debug|Any CPU
		{C33E6CFA-E46C-428F-8AA9-76AADBE63A3A}.Release|Any CPU.ActiveCfg = Release|Any CPU
		{C33E6CFA-E46C-428F-8AA9-76AADBE63A3A}.Release|Any CPU.Build.0 = Release|Any CPU
		{D7FA565A-C033-4D4D-AEFA-32713C7CDDF8}.Debug|Any CPU.ActiveCfg = Debug|Any CPU
		{D7FA565A-C033-4D4D-AEFA-32713C7CDDF8}.Debug|Any CPU.Build.0 = Debug|Any CPU
		{D7FA565A-C033-4D4D-AEFA-32713C7CDDF8}.Release|Any CPU.ActiveCfg = Release|Any CPU
		{D7FA565A-C033-4D4D-AEFA-32713C7CDDF8}.Release|Any CPU.Build.0 = Release|Any CPU
		{9940C6E5-09D9-4068-BDFD-6EB470BC23C4}.Debug|Any CPU.ActiveCfg = Debug|Any CPU
		{9940C6E5-09D9-4068-BDFD-6EB470BC23C4}.Debug|Any CPU.Build.0 = Debug|Any CPU
		{9940C6E5-09D9-4068-BDFD-6EB470BC23C4}.Release|Any CPU.ActiveCfg = Release|Any CPU
		{9940C6E5-09D9-4068-BDFD-6EB470BC23C4}.Release|Any CPU.Build.0 = Release|Any CPU
		{90A78E9E-75B9-4E96-BA9C-3E7D1473D0CF}.Debug|Any CPU.ActiveCfg = Debug|Any CPU
		{90A78E9E-75B9-4E96-BA9C-3E7D1473D0CF}.Debug|Any CPU.Build.0 = Debug|Any CPU
		{90A78E9E-75B9-4E96-BA9C-3E7D1473D0CF}.Release|Any CPU.ActiveCfg = Release|Any CPU
		{90A78E9E-75B9-4E96-BA9C-3E7D1473D0CF}.Release|Any CPU.Build.0 = Release|Any CPU
		{8BC29490-D10D-4E6B-B0B2-AB22534D5A10}.Debug|Any CPU.ActiveCfg = Debug|Any CPU
		{8BC29490-D10D-4E6B-B0B2-AB22534D5A10}.Debug|Any CPU.Build.0 = Debug|Any CPU
		{8BC29490-D10D-4E6B-B0B2-AB22534D5A10}.Release|Any CPU.ActiveCfg = Release|Any CPU
		{8BC29490-D10D-4E6B-B0B2-AB22534D5A10}.Release|Any CPU.Build.0 = Release|Any CPU
	EndGlobalSection
	GlobalSection(SolutionProperties) = preSolution
		HideSolutionNode = FALSE
	EndGlobalSection
	GlobalSection(ExtensibilityGlobals) = postSolution
		SolutionGuid = {53A7D763-57B2-4C52-896B-66910FED30D2}
	EndGlobalSection
EndGlobal
