
Microsoft Visual Studio Solution File, Format Version 12.00
# Visual Studio 15
VisualStudioVersion = 15.0.28307.421
MinimumVisualStudioVersion = 10.0.40219.1
Project("{9A19103F-16F7-4668-BE54-9A1E7A4F7556}") = "SGA.ModuloGestaoAtivo", "SGA.ModuloGestaoAtivo\SGA.ModuloGestaoAtivo.csproj", "{C33E6CFA-E46C-428F-8AA9-76AADBE63A3A}"
EndProject
Project("{9A19103F-16F7-4668-BE54-9A1E7A4F7556}") = "SGA.WebApiGestaoAtivo", "SGA.WebApiGestaoAtivo\SGA.WebApiGestaoAtivo.csproj", "{59A16196-73A7-4359-8A18-2D077C383710}"
EndProject
Project("{FAE04EC0-301F-11D3-BF4B-00C04F79EFBC}") = "SGA.WebApiGestaoAtivo.UnitTest", "SGA.WebApiGestaoAtivo.UnitTest\SGA.WebApiGestaoAtivo.UnitTest.csproj", "{5E09837E-8CE9-412A-B17E-8FBD68112B5E}"
EndProject
Global
	GlobalSection(SolutionConfigurationPlatforms) = preSolution
		Debug|Any CPU = Debug|Any CPU
		Release|Any CPU = Release|Any CPU
	EndGlobalSection
	GlobalSection(ProjectConfigurationPlatforms) = postSolution
		{C33E6CFA-E46C-428F-8AA9-76AADBE63A3A}.Debug|Any CPU.ActiveCfg = Debug|Any CPU
		{C33E6CFA-E46C-428F-8AA9-76AADBE63A3A}.Debug|Any CPU.Build.0 = Debug|Any CPU
		{C33E6CFA-E46C-428F-8AA9-76AADBE63A3A}.Release|Any CPU.ActiveCfg = Release|Any CPU
		{C33E6CFA-E46C-428F-8AA9-76AADBE63A3A}.Release|Any CPU.Build.0 = Release|Any CPU
		{59A16196-73A7-4359-8A18-2D077C383710}.Debug|Any CPU.ActiveCfg = Debug|Any CPU
		{59A16196-73A7-4359-8A18-2D077C383710}.Debug|Any CPU.Build.0 = Debug|Any CPU
		{59A16196-73A7-4359-8A18-2D077C383710}.Release|Any CPU.ActiveCfg = Release|Any CPU
		{59A16196-73A7-4359-8A18-2D077C383710}.Release|Any CPU.Build.0 = Release|Any CPU
		{5E09837E-8CE9-412A-B17E-8FBD68112B5E}.Debug|Any CPU.ActiveCfg = Debug|Any CPU
		{5E09837E-8CE9-412A-B17E-8FBD68112B5E}.Debug|Any CPU.Build.0 = Debug|Any CPU
		{5E09837E-8CE9-412A-B17E-8FBD68112B5E}.Release|Any CPU.ActiveCfg = Release|Any CPU
		{5E09837E-8CE9-412A-B17E-8FBD68112B5E}.Release|Any CPU.Build.0 = Release|Any CPU
	EndGlobalSection
	GlobalSection(SolutionProperties) = preSolution
		HideSolutionNode = FALSE
	EndGlobalSection
	GlobalSection(ExtensibilityGlobals) = postSolution
		SolutionGuid = {53A7D763-57B2-4C52-896B-66910FED30D2}
	EndGlobalSection
EndGlobal
